// !$*UTF8*$!
{
	archiveVersion = 1;
	classes = {
	};
	objectVersion = 55;
	objects = {

/* Begin PBXBuildFile section */
		7516F03B2844EAFB0005DB1A /* homework15.swift in Sources */ = {isa = PBXBuildFile; fileRef = 7516F03A2844EAFB0005DB1A /* homework15.swift */; };
		756D74BC280990D3006C97E0 /* main.swift in Sources */ = {isa = PBXBuildFile; fileRef = 756D74BB280990D3006C97E0 /* main.swift */; };
		757A45212837B95900601DF0 /* homework13.swift in Sources */ = {isa = PBXBuildFile; fileRef = 757A45202837B95900601DF0 /* homework13.swift */; };
		757A451F2832697E00601DF0 /* homework12.swift in Sources */ = {isa = PBXBuildFile; fileRef = 757A451E2832697E00601DF0 /* homework12.swift */; };
		757A451D282D563B00601DF0 /* homework11.swift in Sources */ = {isa = PBXBuildFile; fileRef = 757A451C282D563B00601DF0 /* homework11.swift */; };
		757A451B282BBD9600601DF0 /* homework10.swift in Sources */ = {isa = PBXBuildFile; fileRef = 757A451A282BBD9600601DF0 /* homework10.swift */; };
		757A4517281DC79000601DF0 /* homework9.swift in Sources */ = {isa = PBXBuildFile; fileRef = 757A4516281DC79000601DF0 /* homework9.swift */; };
		75E67EA3280D8728005D92A9 /* homework1.swift in Sources */ = {isa = PBXBuildFile; fileRef = 75E67EA2280D8728005D92A9 /* homework1.swift */; };
		75E67EA5280D8851005D92A9 /* homework2.swift in Sources */ = {isa = PBXBuildFile; fileRef = 75E67EA4280D8851005D92A9 /* homework2.swift */; };
		75E67EA7280D88F9005D92A9 /* homework3.swift in Sources */ = {isa = PBXBuildFile; fileRef = 75E67EA6280D88F9005D92A9 /* homework3.swift */; };
		75E67EA9280D8B68005D92A9 /* homework4.swift in Sources */ = {isa = PBXBuildFile; fileRef = 75E67EA8280D8B67005D92A9 /* homework4.swift */; };
		75E67EB928159973005D92A9 /* homework5.swift in Sources */ = {isa = PBXBuildFile; fileRef = 75E67EB828159973005D92A9 /* homework5.swift */; };
		75E67EBB28159A26005D92A9 /* homework6.swift in Sources */ = {isa = PBXBuildFile; fileRef = 75E67EBA28159A26005D92A9 /* homework6.swift */; };
		75E67EC5281944E7005D92A9 /* homework8.swift in Sources */ = {isa = PBXBuildFile; fileRef = 75E67EC4281944E7005D92A9 /* homework8.swift */; };
		75E67EBB28159A26005D92A9 /* homework6.swift in Sources */ = {isa = PBXBuildFile; fileRef = 75E67EBA28159A26005D92A9 /* homework6.swift */; };
		75E67EBD2816B096005D92A9 /* homework7.swift in Sources */ = {isa = PBXBuildFile; fileRef = 75E67EBC2816B096005D92A9 /* homework7.swift */; };
/* End PBXBuildFile section */

/* Begin PBXCopyFilesBuildPhase section */
		756D74B6280990D3006C97E0 /* CopyFiles */ = {
			isa = PBXCopyFilesBuildPhase;
			buildActionMask = 2147483647;
			dstPath = /usr/share/man/man1/;
			dstSubfolderSpec = 0;
			files = (
			);
			runOnlyForDeploymentPostprocessing = 1;
		};
/* End PBXCopyFilesBuildPhase section */

/* Begin PBXFileReference section */
		7516F03A2844EAFB0005DB1A /* homework15.swift */ = {isa = PBXFileReference; lastKnownFileType = sourcecode.swift; path = homework15.swift; sourceTree = "<group>"; };
		756D74B8280990D3006C97E0 /* CoorseOne */ = {isa = PBXFileReference; explicitFileType = "compiled.mach-o.executable"; includeInIndex = 0; path = CoorseOne; sourceTree = BUILT_PRODUCTS_DIR; };
		756D74BB280990D3006C97E0 /* main.swift */ = {isa = PBXFileReference; lastKnownFileType = sourcecode.swift; path = main.swift; sourceTree = "<group>"; };
		757A45202837B95900601DF0 /* homework13.swift */ = {isa = PBXFileReference; lastKnownFileType = sourcecode.swift; path = homework13.swift; sourceTree = SOURCE_ROOT; };
		757A451E2832697E00601DF0 /* homework12.swift */ = {isa = PBXFileReference; lastKnownFileType = sourcecode.swift; path = homework12.swift; sourceTree = SOURCE_ROOT; };
		757A451C282D563B00601DF0 /* homework11.swift */ = {isa = PBXFileReference; lastKnownFileType = sourcecode.swift; path = homework11.swift; sourceTree = SOURCE_ROOT; };
		757A451A282BBD9600601DF0 /* homework10.swift */ = {isa = PBXFileReference; lastKnownFileType = sourcecode.swift; path = homework10.swift; sourceTree = SOURCE_ROOT; };
		757A4516281DC79000601DF0 /* homework9.swift */ = {isa = PBXFileReference; lastKnownFileType = sourcecode.swift; path = homework9.swift; sourceTree = "<group>"; };
		75E67EA2280D8728005D92A9 /* homework1.swift */ = {isa = PBXFileReference; lastKnownFileType = sourcecode.swift; path = homework1.swift; sourceTree = "<group>"; };
		75E67EA4280D8851005D92A9 /* homework2.swift */ = {isa = PBXFileReference; lastKnownFileType = sourcecode.swift; path = homework2.swift; sourceTree = "<group>"; };
		75E67EA6280D88F9005D92A9 /* homework3.swift */ = {isa = PBXFileReference; lastKnownFileType = sourcecode.swift; path = homework3.swift; sourceTree = "<group>"; };
		75E67EA8280D8B67005D92A9 /* homework4.swift */ = {isa = PBXFileReference; lastKnownFileType = sourcecode.swift; path = homework4.swift; sourceTree = "<group>"; };
		75E67EB828159973005D92A9 /* homework5.swift */ = {isa = PBXFileReference; fileEncoding = 4; lastKnownFileType = sourcecode.swift; path = homework5.swift; sourceTree = "<group>"; };
		75E67EBA28159A26005D92A9 /* homework6.swift */ = {isa = PBXFileReference; fileEncoding = 4; lastKnownFileType = sourcecode.swift; path = homework6.swift; sourceTree = "<group>"; };
		75E67EC4281944E7005D92A9 /* homework8.swift */ = {isa = PBXFileReference; lastKnownFileType = sourcecode.swift; path = homework8.swift; sourceTree = "<group>"; };
		75E67EBA28159A26005D92A9 /* homework6.swift */ = {isa = PBXFileReference; fileEncoding = 4; lastKnownFileType = sourcecode.swift; path = homework6.swift; sourceTree = "<group>"; };
		75E67EBC2816B096005D92A9 /* homework7.swift */ = {isa = PBXFileReference; lastKnownFileType = sourcecode.swift; path = homework7.swift; sourceTree = "<group>"; };
/* End PBXFileReference section */

/* Begin PBXFrameworksBuildPhase section */
		756D74B5280990D3006C97E0 /* Frameworks */ = {
			isa = PBXFrameworksBuildPhase;
			buildActionMask = 2147483647;
			files = (
			);
			runOnlyForDeploymentPostprocessing = 0;
		};
/* End PBXFrameworksBuildPhase section */

/* Begin PBXGroup section */
		756D74AF280990D3006C97E0 = {
			isa = PBXGroup;
			children = (
				756D74BA280990D3006C97E0 /* CoorseOne */,
				756D74B9280990D3006C97E0 /* Products */,
			);
			sourceTree = "<group>";
		};
		756D74B9280990D3006C97E0 /* Products */ = {
			isa = PBXGroup;
			children = (
				756D74B8280990D3006C97E0 /* CoorseOne */,
			);
			name = Products;
			sourceTree = "<group>";
		};
		756D74BA280990D3006C97E0 /* CoorseOne */ = {
			isa = PBXGroup;
			children = (
				756D74BB280990D3006C97E0 /* main.swift */,
				75E67EA2280D8728005D92A9 /* homework1.swift */,
				75E67EA4280D8851005D92A9 /* homework2.swift */,
				75E67EA6280D88F9005D92A9 /* homework3.swift */,
                75E67EA8280D8B67005D92A9 /* homework4.swift */,
                75E67EB828159973005D92A9 /* homework5.swift */,
				75E67EBA28159A26005D92A9 /* homework6.swift */,
                75E67EBC2816B096005D92A9 /* homework7.swift */,
                75E67EC4281944E7005D92A9 /* homework8.swift */,
				757A4516281DC79000601DF0 /* homework9.swift */,
                757A451A282BBD9600601DF0 /* homework10.swift */,
                757A451C282D563B00601DF0 /* homework11.swift */,
                757A451E2832697E00601DF0 /* homework12.swift */,
                757A45202837B95900601DF0 /* homework13.swift */,
                7516F03A2844EAFB0005DB1A /* homework15.swift */,
			);
			path = CoorseOne;
			sourceTree = "<group>";
		};
/* End PBXGroup section */

/* Begin PBXNativeTarget section */
		756D74B7280990D3006C97E0 /* CoorseOne */ = {
			isa = PBXNativeTarget;
			buildConfigurationList = 756D74BF280990D3006C97E0 /* Build configuration list for PBXNativeTarget "CoorseOne" */;
			buildPhases = (
				756D74B4280990D3006C97E0 /* Sources */,
				756D74B5280990D3006C97E0 /* Frameworks */,
				756D74B6280990D3006C97E0 /* CopyFiles */,
			);
			buildRules = (
			);
			dependencies = (
			);
			name = CoorseOne;
			productName = CoorseOne;
			productReference = 756D74B8280990D3006C97E0 /* CoorseOne */;
			productType = "com.apple.product-type.tool";
		};
/* End PBXNativeTarget section */

/* Begin PBXProject section */
		756D74B0280990D3006C97E0 /* Project object */ = {
			isa = PBXProject;
			attributes = {
				BuildIndependentTargetsInParallel = 1;
				LastSwiftUpdateCheck = 1320;
				LastUpgradeCheck = 1320;
				TargetAttributes = {
					756D74B7280990D3006C97E0 = {
						CreatedOnToolsVersion = 13.2.1;
					};
				};
			};
			buildConfigurationList = 756D74B3280990D3006C97E0 /* Build configuration list for PBXProject "CoorseOne" */;
			compatibilityVersion = "Xcode 13.0";
			developmentRegion = en;
			hasScannedForEncodings = 0;
			knownRegions = (
				en,
				Base,
			);
			mainGroup = 756D74AF280990D3006C97E0;
			productRefGroup = 756D74B9280990D3006C97E0 /* Products */;
			projectDirPath = "";
			projectRoot = "";
			targets = (
				756D74B7280990D3006C97E0 /* CoorseOne */,
			);
		};
/* End PBXProject section */

/* Begin PBXSourcesBuildPhase section */
		756D74B4280990D3006C97E0 /* Sources */ = {
			isa = PBXSourcesBuildPhase;
			buildActionMask = 2147483647;
			files = (
				757A451B282BBD9600601DF0 /* homework10.swift in Sources */,
				75E67EBD2816B096005D92A9 /* homework7.swift in Sources */,
				757A451D282D563B00601DF0 /* homework11.swift in Sources */,
				75E67EA9280D8B68005D92A9 /* homework4.swift in Sources */,
				757A451F2832697E00601DF0 /* homework12.swift in Sources */,
				756D74BC280990D3006C97E0 /* main.swift in Sources */,
				757A45212837B95900601DF0 /* homework13.swift in Sources */,
				75E67EBB28159A26005D92A9 /* homework6.swift in Sources */,
				75E67EA7280D88F9005D92A9 /* homework3.swift in Sources */,
				7516F03B2844EAFB0005DB1A /* homework15.swift in Sources */,
				75E67EA5280D8851005D92A9 /* homework2.swift in Sources */,
				75E67EC5281944E7005D92A9 /* homework8.swift in Sources */,
				75E67EA3280D8728005D92A9 /* homework1.swift in Sources */,
				75E67EB928159973005D92A9 /* homework5.swift in Sources */,
				757A4517281DC79000601DF0 /* homework9.swift in Sources */,
			);
			runOnlyForDeploymentPostprocessing = 0;
		};
/* End PBXSourcesBuildPhase section */

/* Begin XCBuildConfiguration section */
		756D74BD280990D3006C97E0 /* Debug */ = {
			isa = XCBuildConfiguration;
			buildSettings = {
				ALWAYS_SEARCH_USER_PATHS = NO;
				CLANG_ANALYZER_NONNULL = YES;
				CLANG_ANALYZER_NUMBER_OBJECT_CONVERSION = YES_AGGRESSIVE;
				CLANG_CXX_LANGUAGE_STANDARD = "gnu++17";
				CLANG_CXX_LIBRARY = "libc++";
				CLANG_ENABLE_MODULES = YES;
				CLANG_ENABLE_OBJC_ARC = YES;
				CLANG_ENABLE_OBJC_WEAK = YES;
				CLANG_WARN_BLOCK_CAPTURE_AUTORELEASING = YES;
				CLANG_WARN_BOOL_CONVERSION = YES;
				CLANG_WARN_COMMA = YES;
				CLANG_WARN_CONSTANT_CONVERSION = YES;
				CLANG_WARN_DEPRECATED_OBJC_IMPLEMENTATIONS = YES;
				CLANG_WARN_DIRECT_OBJC_ISA_USAGE = YES_ERROR;
				CLANG_WARN_DOCUMENTATION_COMMENTS = YES;
				CLANG_WARN_EMPTY_BODY = YES;
				CLANG_WARN_ENUM_CONVERSION = YES;
				CLANG_WARN_INFINITE_RECURSION = YES;
				CLANG_WARN_INT_CONVERSION = YES;
				CLANG_WARN_NON_LITERAL_NULL_CONVERSION = YES;
				CLANG_WARN_OBJC_IMPLICIT_RETAIN_SELF = YES;
				CLANG_WARN_OBJC_LITERAL_CONVERSION = YES;
				CLANG_WARN_OBJC_ROOT_CLASS = YES_ERROR;
				CLANG_WARN_QUOTED_INCLUDE_IN_FRAMEWORK_HEADER = YES;
				CLANG_WARN_RANGE_LOOP_ANALYSIS = YES;
				CLANG_WARN_STRICT_PROTOTYPES = YES;
				CLANG_WARN_SUSPICIOUS_MOVE = YES;
				CLANG_WARN_UNGUARDED_AVAILABILITY = YES_AGGRESSIVE;
				CLANG_WARN_UNREACHABLE_CODE = YES;
				CLANG_WARN__DUPLICATE_METHOD_MATCH = YES;
				COPY_PHASE_STRIP = NO;
				DEBUG_INFORMATION_FORMAT = dwarf;
				ENABLE_STRICT_OBJC_MSGSEND = YES;
				ENABLE_TESTABILITY = YES;
				GCC_C_LANGUAGE_STANDARD = gnu11;
				GCC_DYNAMIC_NO_PIC = NO;
				GCC_NO_COMMON_BLOCKS = YES;
				GCC_OPTIMIZATION_LEVEL = 0;
				GCC_PREPROCESSOR_DEFINITIONS = (
					"DEBUG=1",
					"$(inherited)",
				);
				GCC_WARN_64_TO_32_BIT_CONVERSION = YES;
				GCC_WARN_ABOUT_RETURN_TYPE = YES_ERROR;
				GCC_WARN_UNDECLARED_SELECTOR = YES;
				GCC_WARN_UNINITIALIZED_AUTOS = YES_AGGRESSIVE;
				GCC_WARN_UNUSED_FUNCTION = YES;
				GCC_WARN_UNUSED_VARIABLE = YES;
				MACOSX_DEPLOYMENT_TARGET = 12.1;
				MTL_ENABLE_DEBUG_INFO = INCLUDE_SOURCE;
				MTL_FAST_MATH = YES;
				ONLY_ACTIVE_ARCH = YES;
				SDKROOT = macosx;
				SWIFT_ACTIVE_COMPILATION_CONDITIONS = DEBUG;
				SWIFT_OPTIMIZATION_LEVEL = "-Onone";
			};
			name = Debug;
		};
		756D74BE280990D3006C97E0 /* Release */ = {
			isa = XCBuildConfiguration;
			buildSettings = {
				ALWAYS_SEARCH_USER_PATHS = NO;
				CLANG_ANALYZER_NONNULL = YES;
				CLANG_ANALYZER_NUMBER_OBJECT_CONVERSION = YES_AGGRESSIVE;
				CLANG_CXX_LANGUAGE_STANDARD = "gnu++17";
				CLANG_CXX_LIBRARY = "libc++";
				CLANG_ENABLE_MODULES = YES;
				CLANG_ENABLE_OBJC_ARC = YES;
				CLANG_ENABLE_OBJC_WEAK = YES;
				CLANG_WARN_BLOCK_CAPTURE_AUTORELEASING = YES;
				CLANG_WARN_BOOL_CONVERSION = YES;
				CLANG_WARN_COMMA = YES;
				CLANG_WARN_CONSTANT_CONVERSION = YES;
				CLANG_WARN_DEPRECATED_OBJC_IMPLEMENTATIONS = YES;
				CLANG_WARN_DIRECT_OBJC_ISA_USAGE = YES_ERROR;
				CLANG_WARN_DOCUMENTATION_COMMENTS = YES;
				CLANG_WARN_EMPTY_BODY = YES;
				CLANG_WARN_ENUM_CONVERSION = YES;
				CLANG_WARN_INFINITE_RECURSION = YES;
				CLANG_WARN_INT_CONVERSION = YES;
				CLANG_WARN_NON_LITERAL_NULL_CONVERSION = YES;
				CLANG_WARN_OBJC_IMPLICIT_RETAIN_SELF = YES;
				CLANG_WARN_OBJC_LITERAL_CONVERSION = YES;
				CLANG_WARN_OBJC_ROOT_CLASS = YES_ERROR;
				CLANG_WARN_QUOTED_INCLUDE_IN_FRAMEWORK_HEADER = YES;
				CLANG_WARN_RANGE_LOOP_ANALYSIS = YES;
				CLANG_WARN_STRICT_PROTOTYPES = YES;
				CLANG_WARN_SUSPICIOUS_MOVE = YES;
				CLANG_WARN_UNGUARDED_AVAILABILITY = YES_AGGRESSIVE;
				CLANG_WARN_UNREACHABLE_CODE = YES;
				CLANG_WARN__DUPLICATE_METHOD_MATCH = YES;
				COPY_PHASE_STRIP = NO;
				DEBUG_INFORMATION_FORMAT = "dwarf-with-dsym";
				ENABLE_NS_ASSERTIONS = NO;
				ENABLE_STRICT_OBJC_MSGSEND = YES;
				GCC_C_LANGUAGE_STANDARD = gnu11;
				GCC_NO_COMMON_BLOCKS = YES;
				GCC_WARN_64_TO_32_BIT_CONVERSION = YES;
				GCC_WARN_ABOUT_RETURN_TYPE = YES_ERROR;
				GCC_WARN_UNDECLARED_SELECTOR = YES;
				GCC_WARN_UNINITIALIZED_AUTOS = YES_AGGRESSIVE;
				GCC_WARN_UNUSED_FUNCTION = YES;
				GCC_WARN_UNUSED_VARIABLE = YES;
				MACOSX_DEPLOYMENT_TARGET = 12.1;
				MTL_ENABLE_DEBUG_INFO = NO;
				MTL_FAST_MATH = YES;
				SDKROOT = macosx;
				SWIFT_COMPILATION_MODE = wholemodule;
				SWIFT_OPTIMIZATION_LEVEL = "-O";
			};
			name = Release;
		};
		756D74C0280990D3006C97E0 /* Debug */ = {
			isa = XCBuildConfiguration;
			buildSettings = {
				CODE_SIGN_STYLE = Automatic;
				PRODUCT_NAME = "$(TARGET_NAME)";
				SWIFT_VERSION = 5.0;
			};
			name = Debug;
		};
		756D74C1280990D3006C97E0 /* Release */ = {
			isa = XCBuildConfiguration;
			buildSettings = {
				CODE_SIGN_STYLE = Automatic;
				PRODUCT_NAME = "$(TARGET_NAME)";
				SWIFT_VERSION = 5.0;
			};
			name = Release;
		};
/* End XCBuildConfiguration section */

/* Begin XCConfigurationList section */
		756D74B3280990D3006C97E0 /* Build configuration list for PBXProject "CoorseOne" */ = {
			isa = XCConfigurationList;
			buildConfigurations = (
				756D74BD280990D3006C97E0 /* Debug */,
				756D74BE280990D3006C97E0 /* Release */,
			);
			defaultConfigurationIsVisible = 0;
			defaultConfigurationName = Release;
		};
		756D74BF280990D3006C97E0 /* Build configuration list for PBXNativeTarget "CoorseOne" */ = {
			isa = XCConfigurationList;
			buildConfigurations = (
				756D74C0280990D3006C97E0 /* Debug */,
				756D74C1280990D3006C97E0 /* Release */,
			);
			defaultConfigurationIsVisible = 0;
			defaultConfigurationName = Release;
		};
/* End XCConfigurationList section */
	};
	rootObject = 756D74B0280990D3006C97E0 /* Project object */;
}
